
Microsoft Visual Studio Solution File, Format Version 12.00
# Visual Studio Version 17
VisualStudioVersion = 17.9.34616.47
MinimumVisualStudioVersion = 10.0.40219.1
Project("{888888A0-9F3D-457C-B088-3A5042F75D52}") = "Computer Architecture", "Computer Architecture\Computer Architecture.pyproj", "{BFC0DEC0-8403-43F1-9529-1AB4B42C52AC}"
EndProject
Global
	GlobalSection(SolutionConfigurationPlatforms) = preSolution
		Debug|Any CPU = Debug|Any CPU
		Release|Any CPU = Release|Any CPU
	EndGlobalSection
	GlobalSection(ProjectConfigurationPlatforms) = postSolution
		{BFC0DEC0-8403-43F1-9529-1AB4B42C52AC}.Debug|Any CPU.ActiveCfg = Debug|Any CPU
		{BFC0DEC0-8403-43F1-9529-1AB4B42C52AC}.Release|Any CPU.ActiveCfg = Release|Any CPU
	EndGlobalSection
	GlobalSection(SolutionProperties) = preSolution
		HideSolutionNode = FALSE
	EndGlobalSection
	GlobalSection(ExtensibilityGlobals) = postSolution
		SolutionGuid = {7AB935C9-DB8C-4DA9-9F0B-6DA36E7568A9}
	EndGlobalSection
EndGlobal
